
Microsoft Visual Studio Solution File, Format Version 12.00
# Visual Studio Version 16
VisualStudioVersion = 16.0.29201.188
MinimumVisualStudioVersion = 10.0.40219.1
Project("{FAE04EC0-301F-11D3-BF4B-00C04F79EFBC}") = "Notatnik", "Notatnik.csproj", "{5AE927DD-A21E-4F82-97A6-AF2BD6E3DC85}"
EndProject
Global
	GlobalSection(SolutionConfigurationPlatforms) = preSolution
		Debug|Any CPU = Debug|Any CPU
		Release|Any CPU = Release|Any CPU
	EndGlobalSection
	GlobalSection(ProjectConfigurationPlatforms) = postSolution
		{5AE927DD-A21E-4F82-97A6-AF2BD6E3DC85}.Debug|Any CPU.ActiveCfg = Debug|Any CPU
		{5AE927DD-A21E-4F82-97A6-AF2BD6E3DC85}.Debug|Any CPU.Build.0 = Debug|Any CPU
		{5AE927DD-A21E-4F82-97A6-AF2BD6E3DC85}.Release|Any CPU.ActiveCfg = Release|Any CPU
		{5AE927DD-A21E-4F82-97A6-AF2BD6E3DC85}.Release|Any CPU.Build.0 = Release|Any CPU
	EndGlobalSection
	GlobalSection(SolutionProperties) = preSolution
		HideSolutionNode = FALSE
	EndGlobalSection
	GlobalSection(ExtensibilityGlobals) = postSolution
		SolutionGuid = {F1F84024-D83B-4026-937E-FA1FCD34F944}
	EndGlobalSection
EndGlobal
